
Microsoft Visual Studio Solution File, Format Version 12.00
# Visual Studio Version 17
VisualStudioVersion = 17.9.34723.18
MinimumVisualStudioVersion = 10.0.40219.1
Project("{FAE04EC0-301F-11D3-BF4B-00C04F79EFBC}") = "ListaDeTarefas", "ListaDeTarefas\ListaDeTarefas.csproj", "{9C780F78-AA0E-463F-82EF-C15838A08083}"
EndProject
Global
	GlobalSection(SolutionConfigurationPlatforms) = preSolution
		Debug|Any CPU = Debug|Any CPU
		Release|Any CPU = Release|Any CPU
	EndGlobalSection
	GlobalSection(ProjectConfigurationPlatforms) = postSolution
		{9C780F78-AA0E-463F-82EF-C15838A08083}.Debug|Any CPU.ActiveCfg = Debug|Any CPU
		{9C780F78-AA0E-463F-82EF-C15838A08083}.Debug|Any CPU.Build.0 = Debug|Any CPU
		{9C780F78-AA0E-463F-82EF-C15838A08083}.Release|Any CPU.ActiveCfg = Release|Any CPU
		{9C780F78-AA0E-463F-82EF-C15838A08083}.Release|Any CPU.Build.0 = Release|Any CPU
	EndGlobalSection
	GlobalSection(SolutionProperties) = preSolution
		HideSolutionNode = FALSE
	EndGlobalSection
	GlobalSection(ExtensibilityGlobals) = postSolution
		SolutionGuid = {4250970A-DB14-4F0A-823C-23AD479027C5}
	EndGlobalSection
EndGlobal
